// !$*UTF8*$!
{
	archiveVersion = 1;
	classes = {
	};
	objectVersion = 46;
	objects = {

/* Begin PBXBuildFile section */
		777695201B054763009389F6 /* SystemConfiguration.framework in Frameworks */ = {isa = PBXBuildFile; fileRef = 7776951F1B054763009389F6 /* SystemConfiguration.framework */; };
		77D8A5CA1B04086B0072A673 /* main.m in Sources */ = {isa = PBXBuildFile; fileRef = 77D8A5C91B04086B0072A673 /* main.m */; };
		77D8A5CD1B04086B0072A673 /* AppDelegate.m in Sources */ = {isa = PBXBuildFile; fileRef = 77D8A5CC1B04086B0072A673 /* AppDelegate.m */; };
		77D8A5D31B04086B0072A673 /* Main.storyboard in Resources */ = {isa = PBXBuildFile; fileRef = 77D8A5D11B04086B0072A673 /* Main.storyboard */; };
		77D8A5D51B04086B0072A673 /* Images.xcassets in Resources */ = {isa = PBXBuildFile; fileRef = 77D8A5D41B04086B0072A673 /* Images.xcassets */; };
		77D8A5D81B04086B0072A673 /* LaunchScreen.xib in Resources */ = {isa = PBXBuildFile; fileRef = 77D8A5D61B04086B0072A673 /* LaunchScreen.xib */; };
		77D8A5E41B04086B0072A673 /* VerificationTests.m in Sources */ = {isa = PBXBuildFile; fileRef = 77D8A5E31B04086B0072A673 /* VerificationTests.m */; };
		77D8A5EE1B0408A20072A673 /* SinchVerification.framework in Frameworks */ = {isa = PBXBuildFile; fileRef = 77D8A5ED1B0408A20072A673 /* SinchVerification.framework */; };
		77D8A5F21B040D540072A673 /* EnterPhoneNumberViewController.m in Sources */ = {isa = PBXBuildFile; fileRef = 77D8A5F11B040D540072A673 /* EnterPhoneNumberViewController.m */; };
		77D8A5F51B04111B0072A673 /* VerifyCodeViewController.m in Sources */ = {isa = PBXBuildFile; fileRef = 77D8A5F41B04111B0072A673 /* VerifyCodeViewController.m */; };
		77D8A5F81B0412450072A673 /* ConfirmedViewController.m in Sources */ = {isa = PBXBuildFile; fileRef = 77D8A5F71B0412450072A673 /* ConfirmedViewController.m */; };
/* End PBXBuildFile section */

/* Begin PBXContainerItemProxy section */
		77D8A5DE1B04086B0072A673 /* PBXContainerItemProxy */ = {
			isa = PBXContainerItemProxy;
			containerPortal = 77D8A5BC1B04086B0072A673 /* Project object */;
			proxyType = 1;
			remoteGlobalIDString = 77D8A5C31B04086B0072A673;
			remoteInfo = Verification;
		};
/* End PBXContainerItemProxy section */

/* Begin PBXFileReference section */
		7776951F1B054763009389F6 /* SystemConfiguration.framework */ = {isa = PBXFileReference; lastKnownFileType = wrapper.framework; name = SystemConfiguration.framework; path = System/Library/Frameworks/SystemConfiguration.framework; sourceTree = SDKROOT; };
		77D8A5C41B04086B0072A673 /* Verification.app */ = {isa = PBXFileReference; explicitFileType = wrapper.application; includeInIndex = 0; path = Verification.app; sourceTree = BUILT_PRODUCTS_DIR; };
		77D8A5C81B04086B0072A673 /* Info.plist */ = {isa = PBXFileReference; lastKnownFileType = text.plist.xml; path = Info.plist; sourceTree = "<group>"; };
		77D8A5C91B04086B0072A673 /* main.m */ = {isa = PBXFileReference; lastKnownFileType = sourcecode.c.objc; path = main.m; sourceTree = "<group>"; };
		77D8A5CB1B04086B0072A673 /* AppDelegate.h */ = {isa = PBXFileReference; lastKnownFileType = sourcecode.c.h; path = AppDelegate.h; sourceTree = "<group>"; };
		77D8A5CC1B04086B0072A673 /* AppDelegate.m */ = {isa = PBXFileReference; lastKnownFileType = sourcecode.c.objc; path = AppDelegate.m; sourceTree = "<group>"; };
		77D8A5D21B04086B0072A673 /* Base */ = {isa = PBXFileReference; lastKnownFileType = file.storyboard; name = Base; path = Base.lproj/Main.storyboard; sourceTree = "<group>"; };
		77D8A5D41B04086B0072A673 /* Images.xcassets */ = {isa = PBXFileReference; lastKnownFileType = folder.assetcatalog; path = Images.xcassets; sourceTree = "<group>"; };
		77D8A5D71B04086B0072A673 /* Base */ = {isa = PBXFileReference; lastKnownFileType = file.xib; name = Base; path = Base.lproj/LaunchScreen.xib; sourceTree = "<group>"; };
		77D8A5DD1B04086B0072A673 /* VerificationTests.xctest */ = {isa = PBXFileReference; explicitFileType = wrapper.cfbundle; includeInIndex = 0; path = VerificationTests.xctest; sourceTree = BUILT_PRODUCTS_DIR; };
		77D8A5E21B04086B0072A673 /* Info.plist */ = {isa = PBXFileReference; lastKnownFileType = text.plist.xml; path = Info.plist; sourceTree = "<group>"; };
		77D8A5E31B04086B0072A673 /* VerificationTests.m */ = {isa = PBXFileReference; lastKnownFileType = sourcecode.c.objc; path = VerificationTests.m; sourceTree = "<group>"; };
		77D8A5ED1B0408A20072A673 /* SinchVerification.framework */ = {isa = PBXFileReference; lastKnownFileType = wrapper.framework; path = SinchVerification.framework; sourceTree = "<group>"; };
		77D8A5F01B040D540072A673 /* EnterPhoneNumberViewController.h */ = {isa = PBXFileReference; fileEncoding = 4; lastKnownFileType = sourcecode.c.h; path = EnterPhoneNumberViewController.h; sourceTree = "<group>"; };
		77D8A5F11B040D540072A673 /* EnterPhoneNumberViewController.m */ = {isa = PBXFileReference; fileEncoding = 4; lastKnownFileType = sourcecode.c.objc; path = EnterPhoneNumberViewController.m; sourceTree = "<group>"; };
		77D8A5F31B04111B0072A673 /* VerifyCodeViewController.h */ = {isa = PBXFileReference; fileEncoding = 4; lastKnownFileType = sourcecode.c.h; path = VerifyCodeViewController.h; sourceTree = "<group>"; };
		77D8A5F41B04111B0072A673 /* VerifyCodeViewController.m */ = {isa = PBXFileReference; fileEncoding = 4; lastKnownFileType = sourcecode.c.objc; path = VerifyCodeViewController.m; sourceTree = "<group>"; };
		77D8A5F61B0412450072A673 /* ConfirmedViewController.h */ = {isa = PBXFileReference; fileEncoding = 4; lastKnownFileType = sourcecode.c.h; path = ConfirmedViewController.h; sourceTree = "<group>"; };
		77D8A5F71B0412450072A673 /* ConfirmedViewController.m */ = {isa = PBXFileReference; fileEncoding = 4; lastKnownFileType = sourcecode.c.objc; path = ConfirmedViewController.m; sourceTree = "<group>"; };
/* End PBXFileReference section */

/* Begin PBXFrameworksBuildPhase section */
		77D8A5C11B04086B0072A673 /* Frameworks */ = {
			isa = PBXFrameworksBuildPhase;
			buildActionMask = 2147483647;
			files = (
				777695201B054763009389F6 /* SystemConfiguration.framework in Frameworks */,
				77D8A5EE1B0408A20072A673 /* SinchVerification.framework in Frameworks */,
			);
			runOnlyForDeploymentPostprocessing = 0;
		};
		77D8A5DA1B04086B0072A673 /* Frameworks */ = {
			isa = PBXFrameworksBuildPhase;
			buildActionMask = 2147483647;
			files = (
			);
			runOnlyForDeploymentPostprocessing = 0;
		};
/* End PBXFrameworksBuildPhase section */

/* Begin PBXGroup section */
		77D8A5BB1B04086B0072A673 = {
			isa = PBXGroup;
			children = (
				7776951F1B054763009389F6 /* SystemConfiguration.framework */,
				77D8A5C61B04086B0072A673 /* Verification */,
				77D8A5E01B04086B0072A673 /* VerificationTests */,
				77D8A5C51B04086B0072A673 /* Products */,
				77D8A5ED1B0408A20072A673 /* SinchVerification.framework */,
			);
			sourceTree = "<group>";
		};
		77D8A5C51B04086B0072A673 /* Products */ = {
			isa = PBXGroup;
			children = (
				77D8A5C41B04086B0072A673 /* Verification.app */,
				77D8A5DD1B04086B0072A673 /* VerificationTests.xctest */,
			);
			name = Products;
			sourceTree = "<group>";
		};
		77D8A5C61B04086B0072A673 /* Verification */ = {
			isa = PBXGroup;
			children = (
				77D8A5EF1B040D120072A673 /* Controllers */,
				77D8A5CB1B04086B0072A673 /* AppDelegate.h */,
				77D8A5CC1B04086B0072A673 /* AppDelegate.m */,
				77D8A5D11B04086B0072A673 /* Main.storyboard */,
				77D8A5D41B04086B0072A673 /* Images.xcassets */,
				77D8A5D61B04086B0072A673 /* LaunchScreen.xib */,
				77D8A5C71B04086B0072A673 /* Supporting Files */,
			);
			path = Verification;
			sourceTree = "<group>";
		};
		77D8A5C71B04086B0072A673 /* Supporting Files */ = {
			isa = PBXGroup;
			children = (
				77D8A5C81B04086B0072A673 /* Info.plist */,
				77D8A5C91B04086B0072A673 /* main.m */,
			);
			name = "Supporting Files";
			sourceTree = "<group>";
		};
		77D8A5E01B04086B0072A673 /* VerificationTests */ = {
			isa = PBXGroup;
			children = (
				77D8A5E31B04086B0072A673 /* VerificationTests.m */,
				77D8A5E11B04086B0072A673 /* Supporting Files */,
			);
			path = VerificationTests;
			sourceTree = "<group>";
		};
		77D8A5E11B04086B0072A673 /* Supporting Files */ = {
			isa = PBXGroup;
			children = (
				77D8A5E21B04086B0072A673 /* Info.plist */,
			);
			name = "Supporting Files";
			sourceTree = "<group>";
		};
		77D8A5EF1B040D120072A673 /* Controllers */ = {
			isa = PBXGroup;
			children = (
				77D8A5F01B040D540072A673 /* EnterPhoneNumberViewController.h */,
				77D8A5F11B040D540072A673 /* EnterPhoneNumberViewController.m */,
				77D8A5F31B04111B0072A673 /* VerifyCodeViewController.h */,
				77D8A5F41B04111B0072A673 /* VerifyCodeViewController.m */,
				77D8A5F61B0412450072A673 /* ConfirmedViewController.h */,
				77D8A5F71B0412450072A673 /* ConfirmedViewController.m */,
			);
			path = Controllers;
			sourceTree = "<group>";
		};
/* End PBXGroup section */

/* Begin PBXNativeTarget section */
		77D8A5C31B04086B0072A673 /* Verification */ = {
			isa = PBXNativeTarget;
			buildConfigurationList = 77D8A5E71B04086B0072A673 /* Build configuration list for PBXNativeTarget "Verification" */;
			buildPhases = (
				77D8A5C01B04086B0072A673 /* Sources */,
				77D8A5C11B04086B0072A673 /* Frameworks */,
				77D8A5C21B04086B0072A673 /* Resources */,
			);
			buildRules = (
			);
			dependencies = (
			);
			name = Verification;
			productName = Verification;
			productReference = 77D8A5C41B04086B0072A673 /* Verification.app */;
			productType = "com.apple.product-type.application";
		};
		77D8A5DC1B04086B0072A673 /* VerificationTests */ = {
			isa = PBXNativeTarget;
			buildConfigurationList = 77D8A5EA1B04086B0072A673 /* Build configuration list for PBXNativeTarget "VerificationTests" */;
			buildPhases = (
				77D8A5D91B04086B0072A673 /* Sources */,
				77D8A5DA1B04086B0072A673 /* Frameworks */,
				77D8A5DB1B04086B0072A673 /* Resources */,
			);
			buildRules = (
			);
			dependencies = (
				77D8A5DF1B04086B0072A673 /* PBXTargetDependency */,
			);
			name = VerificationTests;
			productName = VerificationTests;
			productReference = 77D8A5DD1B04086B0072A673 /* VerificationTests.xctest */;
			productType = "com.apple.product-type.bundle.unit-test";
		};
/* End PBXNativeTarget section */

/* Begin PBXProject section */
		77D8A5BC1B04086B0072A673 /* Project object */ = {
			isa = PBXProject;
			attributes = {
				LastUpgradeCheck = 0630;
				ORGANIZATIONNAME = "christian jensen";
				TargetAttributes = {
					77D8A5C31B04086B0072A673 = {
						CreatedOnToolsVersion = 6.3.1;
					};
					77D8A5DC1B04086B0072A673 = {
						CreatedOnToolsVersion = 6.3.1;
						TestTargetID = 77D8A5C31B04086B0072A673;
					};
				};
			};
			buildConfigurationList = 77D8A5BF1B04086B0072A673 /* Build configuration list for PBXProject "Verification" */;
			compatibilityVersion = "Xcode 3.2";
			developmentRegion = English;
			hasScannedForEncodings = 0;
			knownRegions = (
				en,
				Base,
			);
			mainGroup = 77D8A5BB1B04086B0072A673;
			productRefGroup = 77D8A5C51B04086B0072A673 /* Products */;
			projectDirPath = "";
			projectRoot = "";
			targets = (
				77D8A5C31B04086B0072A673 /* Verification */,
				77D8A5DC1B04086B0072A673 /* VerificationTests */,
			);
		};
/* End PBXProject section */

/* Begin PBXResourcesBuildPhase section */
		77D8A5C21B04086B0072A673 /* Resources */ = {
			isa = PBXResourcesBuildPhase;
			buildActionMask = 2147483647;
			files = (
				77D8A5D31B04086B0072A673 /* Main.storyboard in Resources */,
				77D8A5D81B04086B0072A673 /* LaunchScreen.xib in Resources */,
				77D8A5D51B04086B0072A673 /* Images.xcassets in Resources */,
			);
			runOnlyForDeploymentPostprocessing = 0;
		};
		77D8A5DB1B04086B0072A673 /* Resources */ = {
			isa = PBXResourcesBuildPhase;
			buildActionMask = 2147483647;
			files = (
			);
			runOnlyForDeploymentPostprocessing = 0;
		};
/* End PBXResourcesBuildPhase section */

/* Begin PBXSourcesBuildPhase section */
		77D8A5C01B04086B0072A673 /* Sources */ = {
			isa = PBXSourcesBuildPhase;
			buildActionMask = 2147483647;
			files = (
				77D8A5F51B04111B0072A673 /* VerifyCodeViewController.m in Sources */,
				77D8A5F21B040D540072A673 /* EnterPhoneNumberViewController.m in Sources */,
				77D8A5F81B0412450072A673 /* ConfirmedViewController.m in Sources */,
				77D8A5CD1B04086B0072A673 /* AppDelegate.m in Sources */,
				77D8A5CA1B04086B0072A673 /* main.m in Sources */,
			);
			runOnlyForDeploymentPostprocessing = 0;
		};
		77D8A5D91B04086B0072A673 /* Sources */ = {
			isa = PBXSourcesBuildPhase;
			buildActionMask = 2147483647;
			files = (
				77D8A5E41B04086B0072A673 /* VerificationTests.m in Sources */,
			);
			runOnlyForDeploymentPostprocessing = 0;
		};
/* End PBXSourcesBuildPhase section */

/* Begin PBXTargetDependency section */
		77D8A5DF1B04086B0072A673 /* PBXTargetDependency */ = {
			isa = PBXTargetDependency;
			target = 77D8A5C31B04086B0072A673 /* Verification */;
			targetProxy = 77D8A5DE1B04086B0072A673 /* PBXContainerItemProxy */;
		};
/* End PBXTargetDependency section */

/* Begin PBXVariantGroup section */
		77D8A5D11B04086B0072A673 /* Main.storyboard */ = {
			isa = PBXVariantGroup;
			children = (
				77D8A5D21B04086B0072A673 /* Base */,
			);
			name = Main.storyboard;
			sourceTree = "<group>";
		};
		77D8A5D61B04086B0072A673 /* LaunchScreen.xib */ = {
			isa = PBXVariantGroup;
			children = (
				77D8A5D71B04086B0072A673 /* Base */,
			);
			name = LaunchScreen.xib;
			sourceTree = "<group>";
		};
/* End PBXVariantGroup section */

/* Begin XCBuildConfiguration section */
		77D8A5E51B04086B0072A673 /* Debug */ = {
			isa = XCBuildConfiguration;
			buildSettings = {
				ALWAYS_SEARCH_USER_PATHS = NO;
				CLANG_CXX_LANGUAGE_STANDARD = "gnu++0x";
				CLANG_CXX_LIBRARY = "libc++";
				CLANG_ENABLE_MODULES = YES;
				CLANG_ENABLE_OBJC_ARC = YES;
				CLANG_WARN_BOOL_CONVERSION = YES;
				CLANG_WARN_CONSTANT_CONVERSION = YES;
				CLANG_WARN_DIRECT_OBJC_ISA_USAGE = YES_ERROR;
				CLANG_WARN_EMPTY_BODY = YES;
				CLANG_WARN_ENUM_CONVERSION = YES;
				CLANG_WARN_INT_CONVERSION = YES;
				CLANG_WARN_OBJC_ROOT_CLASS = YES_ERROR;
				CLANG_WARN_UNREACHABLE_CODE = YES;
				CLANG_WARN__DUPLICATE_METHOD_MATCH = YES;
				"CODE_SIGN_IDENTITY[sdk=iphoneos*]" = "iPhone Developer";
				COPY_PHASE_STRIP = NO;
				DEBUG_INFORMATION_FORMAT = "dwarf-with-dsym";
				ENABLE_STRICT_OBJC_MSGSEND = YES;
				GCC_C_LANGUAGE_STANDARD = gnu99;
				GCC_DYNAMIC_NO_PIC = NO;
				GCC_NO_COMMON_BLOCKS = YES;
				GCC_OPTIMIZATION_LEVEL = 0;
				GCC_PREPROCESSOR_DEFINITIONS = (
					"DEBUG=1",
					"$(inherited)",
				);
				GCC_SYMBOLS_PRIVATE_EXTERN = NO;
				GCC_WARN_64_TO_32_BIT_CONVERSION = YES;
				GCC_WARN_ABOUT_RETURN_TYPE = YES_ERROR;
				GCC_WARN_UNDECLARED_SELECTOR = YES;
				GCC_WARN_UNINITIALIZED_AUTOS = YES_AGGRESSIVE;
				GCC_WARN_UNUSED_FUNCTION = YES;
				GCC_WARN_UNUSED_VARIABLE = YES;
				IPHONEOS_DEPLOYMENT_TARGET = 8.3;
				MTL_ENABLE_DEBUG_INFO = YES;
				ONLY_ACTIVE_ARCH = YES;
				SDKROOT = iphoneos;
			};
			name = Debug;
		};
		77D8A5E61B04086B0072A673 /* Release */ = {
			isa = XCBuildConfiguration;
			buildSettings = {
				ALWAYS_SEARCH_USER_PATHS = NO;
				CLANG_CXX_LANGUAGE_STANDARD = "gnu++0x";
				CLANG_CXX_LIBRARY = "libc++";
				CLANG_ENABLE_MODULES = YES;
				CLANG_ENABLE_OBJC_ARC = YES;
				CLANG_WARN_BOOL_CONVERSION = YES;
				CLANG_WARN_CONSTANT_CONVERSION = YES;
				CLANG_WARN_DIRECT_OBJC_ISA_USAGE = YES_ERROR;
				CLANG_WARN_EMPTY_BODY = YES;
				CLANG_WARN_ENUM_CONVERSION = YES;
				CLANG_WARN_INT_CONVERSION = YES;
				CLANG_WARN_OBJC_ROOT_CLASS = YES_ERROR;
				CLANG_WARN_UNREACHABLE_CODE = YES;
				CLANG_WARN__DUPLICATE_METHOD_MATCH = YES;
				"CODE_SIGN_IDENTITY[sdk=iphoneos*]" = "iPhone Developer";
				COPY_PHASE_STRIP = NO;
				DEBUG_INFORMATION_FORMAT = "dwarf-with-dsym";
				ENABLE_NS_ASSERTIONS = NO;
				ENABLE_STRICT_OBJC_MSGSEND = YES;
				GCC_C_LANGUAGE_STANDARD = gnu99;
				GCC_NO_COMMON_BLOCKS = YES;
				GCC_WARN_64_TO_32_BIT_CONVERSION = YES;
				GCC_WARN_ABOUT_RETURN_TYPE = YES_ERROR;
				GCC_WARN_UNDECLARED_SELECTOR = YES;
				GCC_WARN_UNINITIALIZED_AUTOS = YES_AGGRESSIVE;
				GCC_WARN_UNUSED_FUNCTION = YES;
				GCC_WARN_UNUSED_VARIABLE = YES;
				IPHONEOS_DEPLOYMENT_TARGET = 8.3;
				MTL_ENABLE_DEBUG_INFO = NO;
				SDKROOT = iphoneos;
				VALIDATE_PRODUCT = YES;
			};
			name = Release;
		};
		77D8A5E81B04086B0072A673 /* Debug */ = {
			isa = XCBuildConfiguration;
			buildSettings = {
				ASSETCATALOG_COMPILER_APPICON_NAME = AppIcon;
				FRAMEWORK_SEARCH_PATHS = (
					"$(inherited)",
					"$(PROJECT_DIR)",
				);
				INFOPLIST_FILE = Verification/Info.plist;
				LD_RUNPATH_SEARCH_PATHS = "$(inherited) @executable_path/Frameworks";
				PRODUCT_NAME = "$(TARGET_NAME)";
			};
			name = Debug;
		};
		77D8A5E91B04086B0072A673 /* Release */ = {
			isa = XCBuildConfiguration;
			buildSettings = {
				ASSETCATALOG_COMPILER_APPICON_NAME = AppIcon;
				FRAMEWORK_SEARCH_PATHS = (
					"$(inherited)",
					"$(PROJECT_DIR)",
				);
				INFOPLIST_FILE = Verification/Info.plist;
				LD_RUNPATH_SEARCH_PATHS = "$(inherited) @executable_path/Frameworks";
				PRODUCT_NAME = "$(TARGET_NAME)";
			};
			name = Release;
		};
		77D8A5EB1B04086B0072A673 /* Debug */ = {
			isa = XCBuildConfiguration;
			buildSettings = {
				BUNDLE_LOADER = "$(TEST_HOST)";
				FRAMEWORK_SEARCH_PATHS = (
					"$(SDKROOT)/Developer/Library/Frameworks",
					"$(inherited)",
				);
				GCC_PREPROCESSOR_DEFINITIONS = (
					"DEBUG=1",
					"$(inherited)",
				);
				INFOPLIST_FILE = VerificationTests/Info.plist;
				LD_RUNPATH_SEARCH_PATHS = "$(inherited) @executable_path/Frameworks @loader_path/Frameworks";
				PRODUCT_NAME = "$(TARGET_NAME)";
				TEST_HOST = "$(BUILT_PRODUCTS_DIR)/Verification.app/Verification";
			};
			name = Debug;
		};
		77D8A5EC1B04086B0072A673 /* Release */ = {
			isa = XCBuildConfiguration;
			buildSettings = {
				BUNDLE_LOADER = "$(TEST_HOST)";
				FRAMEWORK_SEARCH_PATHS = (
					"$(SDKROOT)/Developer/Library/Frameworks",
					"$(inherited)",
				);
				INFOPLIST_FILE = VerificationTests/Info.plist;
				LD_RUNPATH_SEARCH_PATHS = "$(inherited) @executable_path/Frameworks @loader_path/Frameworks";
				PRODUCT_NAME = "$(TARGET_NAME)";
				TEST_HOST = "$(BUILT_PRODUCTS_DIR)/Verification.app/Verification";
			};
			name = Release;
		};
/* End XCBuildConfiguration section */

/* Begin XCConfigurationList section */
		77D8A5BF1B04086B0072A673 /* Build configuration list for PBXProject "Verification" */ = {
			isa = XCConfigurationList;
			buildConfigurations = (
				77D8A5E51B04086B0072A673 /* Debug */,
				77D8A5E61B04086B0072A673 /* Release */,
			);
			defaultConfigurationIsVisible = 0;
			defaultConfigurationName = Release;
		};
		77D8A5E71B04086B0072A673 /* Build configuration list for PBXNativeTarget "Verification" */ = {
			isa = XCConfigurationList;
			buildConfigurations = (
				77D8A5E81B04086B0072A673 /* Debug */,
				77D8A5E91B04086B0072A673 /* Release */,
			);
			defaultConfigurationIsVisible = 0;
			defaultConfigurationName = Release;
		};
		77D8A5EA1B04086B0072A673 /* Build configuration list for PBXNativeTarget "VerificationTests" */ = {
			isa = XCConfigurationList;
			buildConfigurations = (
				77D8A5EB1B04086B0072A673 /* Debug */,
				77D8A5EC1B04086B0072A673 /* Release */,
			);
			defaultConfigurationIsVisible = 0;
			defaultConfigurationName = Release;
		};
/* End XCConfigurationList section */
	};
	rootObject = 77D8A5BC1B04086B0072A673 /* Project object */;
}
